// !$*UTF8*$!
{
	archiveVersion = 1;
	classes = {
	};
	objectVersion = 56;
	objects = {

/* Begin PBXBuildFile section */
		CEF3B1542A1643A40011CAAB /* AppDelegate.swift in Sources */ = {isa = PBXBuildFile; fileRef = CEF3B1532A1643A40011CAAB /* AppDelegate.swift */; };
		CEF3B1562A1643A40011CAAB /* SceneDelegate.swift in Sources */ = {isa = PBXBuildFile; fileRef = CEF3B1552A1643A40011CAAB /* SceneDelegate.swift */; };
		CEF3B1582A1643A40011CAAB /* SignInViewController.swift in Sources */ = {isa = PBXBuildFile; fileRef = CEF3B1572A1643A40011CAAB /* SignInViewController.swift */; };
		CEF3B15D2A1643A50011CAAB /* Assets.xcassets in Resources */ = {isa = PBXBuildFile; fileRef = CEF3B15C2A1643A50011CAAB /* Assets.xcassets */; };
		CEF3B1602A1643A50011CAAB /* LaunchScreen.storyboard in Resources */ = {isa = PBXBuildFile; fileRef = CEF3B15E2A1643A50011CAAB /* LaunchScreen.storyboard */; };
		CEF3B1722A1644980011CAAB /* SignInRepository.swift in Sources */ = {isa = PBXBuildFile; fileRef = CEF3B1712A1644980011CAAB /* SignInRepository.swift */; };
		FE4FE09E2A1C835400B373E0 /* FriendListViewController.swift in Sources */ = {isa = PBXBuildFile; fileRef = FE4FE09D2A1C835400B373E0 /* FriendListViewController.swift */; };
		FE6F63942A166C5000BF3034 /* CustomTextField.swift in Sources */ = {isa = PBXBuildFile; fileRef = FE6F63932A166C5000BF3034 /* CustomTextField.swift */; };
		FE6F63972A16747400BF3034 /* Storyboard.storyboard in Resources */ = {isa = PBXBuildFile; fileRef = FE6F63962A16747400BF3034 /* Storyboard.storyboard */; };
		FE6F639A2A16786C00BF3034 /* UIColor+Extension.swift in Sources */ = {isa = PBXBuildFile; fileRef = FE6F63992A16786C00BF3034 /* UIColor+Extension.swift */; };
		FE6F639C2A167E5900BF3034 /* SignInViewModel.swift in Sources */ = {isa = PBXBuildFile; fileRef = FE6F639B2A167E5900BF3034 /* SignInViewModel.swift */; };
		FE6F63A82A16844000BF3034 /* RxCocoa in Frameworks */ = {isa = PBXBuildFile; productRef = FE6F63A72A16844000BF3034 /* RxCocoa */; };
		FE6F63AA2A16844000BF3034 /* RxRelay in Frameworks */ = {isa = PBXBuildFile; productRef = FE6F63A92A16844000BF3034 /* RxRelay */; };
		FE6F63AC2A16844000BF3034 /* RxSwift in Frameworks */ = {isa = PBXBuildFile; productRef = FE6F63AB2A16844000BF3034 /* RxSwift */; };
		FE6F63AE2A16852800BF3034 /* RxViewController.swift in Sources */ = {isa = PBXBuildFile; fileRef = FE6F63AD2A16852800BF3034 /* RxViewController.swift */; };
		FE6FFA002A25DC9E00DBD335 /* UserDefaultStorage.swift in Sources */ = {isa = PBXBuildFile; fileRef = FE6FF9FF2A25DC9E00DBD335 /* UserDefaultStorage.swift */; };
		FE6FFA052A27307600DBD335 /* AddFriendPopUpViewController.swift in Sources */ = {isa = PBXBuildFile; fileRef = FE6FFA042A27307600DBD335 /* AddFriendPopUpViewController.swift */; };
		FE6FFA082A2730C700DBD335 /* ChattingViewController.swift in Sources */ = {isa = PBXBuildFile; fileRef = FE6FFA072A2730C700DBD335 /* ChattingViewController.swift */; };
		FE6FFA0A2A2730CB00DBD335 /* ChattingViewModel.swift in Sources */ = {isa = PBXBuildFile; fileRef = FE6FFA092A2730CB00DBD335 /* ChattingViewModel.swift */; };
		FE71E50E2A192D8F003BCFF1 /* UIViewController+Extension.swift in Sources */ = {isa = PBXBuildFile; fileRef = FE71E50D2A192D8F003BCFF1 /* UIViewController+Extension.swift */; };
		FE9309EB2A1B8BEF00CB427A /* SignUpViewController.swift in Sources */ = {isa = PBXBuildFile; fileRef = FE9309EA2A1B8BEF00CB427A /* SignUpViewController.swift */; };
		FE9309ED2A1B8BF400CB427A /* SignUpViewModel.swift in Sources */ = {isa = PBXBuildFile; fileRef = FE9309EC2A1B8BF400CB427A /* SignUpViewModel.swift */; };
		FE9309EF2A1B8ECA00CB427A /* SignUpUseCase.swift in Sources */ = {isa = PBXBuildFile; fileRef = FE9309EE2A1B8ECA00CB427A /* SignUpUseCase.swift */; };
		FE9309F12A1B8EDF00CB427A /* SignUpUseCaseImpl.swift in Sources */ = {isa = PBXBuildFile; fileRef = FE9309F02A1B8EDF00CB427A /* SignUpUseCaseImpl.swift */; };
		FE9309F32A1B9EC400CB427A /* String+Extension.swift in Sources */ = {isa = PBXBuildFile; fileRef = FE9309F22A1B9EC400CB427A /* String+Extension.swift */; };
		FE9309F52A1BA6E100CB427A /* SignUpRepository.swift in Sources */ = {isa = PBXBuildFile; fileRef = FE9309F42A1BA6E100CB427A /* SignUpRepository.swift */; };
		FE9309F72A1BA6EB00CB427A /* SignUpRepositoryImpl.swift in Sources */ = {isa = PBXBuildFile; fileRef = FE9309F62A1BA6EB00CB427A /* SignUpRepositoryImpl.swift */; };
		FEA383BB2A175E4200205C44 /* FirebaseAuth in Frameworks */ = {isa = PBXBuildFile; productRef = FEA383BA2A175E4200205C44 /* FirebaseAuth */; };
		FEA383BD2A175E4200205C44 /* FirebaseDatabase in Frameworks */ = {isa = PBXBuildFile; productRef = FEA383BC2A175E4200205C44 /* FirebaseDatabase */; };
		FEA383BF2A175E4200205C44 /* FirebaseMessaging in Frameworks */ = {isa = PBXBuildFile; productRef = FEA383BE2A175E4200205C44 /* FirebaseMessaging */; };
		FEA383C42A17656200205C44 /* GoogleService-Info.plist in Resources */ = {isa = PBXBuildFile; fileRef = FEA383C12A17618300205C44 /* GoogleService-Info.plist */; };
		FEA383C72A17985400205C44 /* NetworkErrorType.swift in Sources */ = {isa = PBXBuildFile; fileRef = FEA383C62A17985400205C44 /* NetworkErrorType.swift */; };
		FEA383CB2A179AD000205C44 /* FriendListViewModel.swift in Sources */ = {isa = PBXBuildFile; fileRef = FEA383CA2A179AD000205C44 /* FriendListViewModel.swift */; };
		FEBC2AD82A17DA3500265452 /* User.swift in Sources */ = {isa = PBXBuildFile; fileRef = FEBC2AD72A17DA3500265452 /* User.swift */; };
		FEBC2AD92A17DBBD00265452 /* SignInRepositoryImpl.swift in Sources */ = {isa = PBXBuildFile; fileRef = CEF3B1792A1644BE0011CAAB /* SignInRepositoryImpl.swift */; };
		FEBC2ADA2A17DBC600265452 /* SignInUseCase.swift in Sources */ = {isa = PBXBuildFile; fileRef = CEF3B1732A16449A0011CAAB /* SignInUseCase.swift */; };
		FEBC2ADB2A17DBC900265452 /* SignInUseCaseImpl.swift in Sources */ = {isa = PBXBuildFile; fileRef = CEF3B1742A16449C0011CAAB /* SignInUseCaseImpl.swift */; };
		FEC52B5C2A278D2700B0E94E /* AddFriendPopUpViewModel.swift in Sources */ = {isa = PBXBuildFile; fileRef = FEC52B5B2A278D2700B0E94E /* AddFriendPopUpViewModel.swift */; };
/* End PBXBuildFile section */

/* Begin PBXFileReference section */
		CEF3B1502A1643A40011CAAB /* Chatting.app */ = {isa = PBXFileReference; explicitFileType = wrapper.application; includeInIndex = 0; path = Chatting.app; sourceTree = BUILT_PRODUCTS_DIR; };
		CEF3B1532A1643A40011CAAB /* AppDelegate.swift */ = {isa = PBXFileReference; lastKnownFileType = sourcecode.swift; path = AppDelegate.swift; sourceTree = "<group>"; };
		CEF3B1552A1643A40011CAAB /* SceneDelegate.swift */ = {isa = PBXFileReference; lastKnownFileType = sourcecode.swift; path = SceneDelegate.swift; sourceTree = "<group>"; };
		CEF3B1572A1643A40011CAAB /* SignInViewController.swift */ = {isa = PBXFileReference; lastKnownFileType = sourcecode.swift; path = SignInViewController.swift; sourceTree = "<group>"; };
		CEF3B15C2A1643A50011CAAB /* Assets.xcassets */ = {isa = PBXFileReference; lastKnownFileType = folder.assetcatalog; path = Assets.xcassets; sourceTree = "<group>"; };
		CEF3B15F2A1643A50011CAAB /* Base */ = {isa = PBXFileReference; lastKnownFileType = file.storyboard; name = Base; path = Base.lproj/LaunchScreen.storyboard; sourceTree = "<group>"; };
		CEF3B1712A1644980011CAAB /* SignInRepository.swift */ = {isa = PBXFileReference; lastKnownFileType = sourcecode.swift; path = SignInRepository.swift; sourceTree = "<group>"; };
		CEF3B1732A16449A0011CAAB /* SignInUseCase.swift */ = {isa = PBXFileReference; lastKnownFileType = sourcecode.swift; path = SignInUseCase.swift; sourceTree = "<group>"; };
		CEF3B1742A16449C0011CAAB /* SignInUseCaseImpl.swift */ = {isa = PBXFileReference; lastKnownFileType = sourcecode.swift; path = SignInUseCaseImpl.swift; sourceTree = "<group>"; };
		CEF3B1782A1644BC0011CAAB /* Dummy.swift */ = {isa = PBXFileReference; lastKnownFileType = sourcecode.swift; path = Dummy.swift; sourceTree = "<group>"; };
		CEF3B1792A1644BE0011CAAB /* SignInRepositoryImpl.swift */ = {isa = PBXFileReference; lastKnownFileType = sourcecode.swift; path = SignInRepositoryImpl.swift; sourceTree = "<group>"; };
		FE4FE09D2A1C835400B373E0 /* FriendListViewController.swift */ = {isa = PBXFileReference; lastKnownFileType = sourcecode.swift; path = FriendListViewController.swift; sourceTree = "<group>"; };
		FE6F63932A166C5000BF3034 /* CustomTextField.swift */ = {isa = PBXFileReference; lastKnownFileType = sourcecode.swift; path = CustomTextField.swift; sourceTree = "<group>"; };
		FE6F63962A16747400BF3034 /* Storyboard.storyboard */ = {isa = PBXFileReference; lastKnownFileType = file.storyboard; path = Storyboard.storyboard; sourceTree = "<group>"; };
		FE6F63992A16786C00BF3034 /* UIColor+Extension.swift */ = {isa = PBXFileReference; lastKnownFileType = sourcecode.swift; path = "UIColor+Extension.swift"; sourceTree = "<group>"; };
		FE6F639B2A167E5900BF3034 /* SignInViewModel.swift */ = {isa = PBXFileReference; lastKnownFileType = sourcecode.swift; path = SignInViewModel.swift; sourceTree = "<group>"; };
		FE6F63AD2A16852800BF3034 /* RxViewController.swift */ = {isa = PBXFileReference; lastKnownFileType = sourcecode.swift; path = RxViewController.swift; sourceTree = "<group>"; };
		FE6FF9FF2A25DC9E00DBD335 /* UserDefaultStorage.swift */ = {isa = PBXFileReference; lastKnownFileType = sourcecode.swift; path = UserDefaultStorage.swift; sourceTree = "<group>"; };
		FE6FFA042A27307600DBD335 /* AddFriendPopUpViewController.swift */ = {isa = PBXFileReference; lastKnownFileType = sourcecode.swift; path = AddFriendPopUpViewController.swift; sourceTree = "<group>"; };
		FE6FFA072A2730C700DBD335 /* ChattingViewController.swift */ = {isa = PBXFileReference; lastKnownFileType = sourcecode.swift; path = ChattingViewController.swift; sourceTree = "<group>"; };
		FE6FFA092A2730CB00DBD335 /* ChattingViewModel.swift */ = {isa = PBXFileReference; lastKnownFileType = sourcecode.swift; path = ChattingViewModel.swift; sourceTree = "<group>"; };
		FE71E50D2A192D8F003BCFF1 /* UIViewController+Extension.swift */ = {isa = PBXFileReference; lastKnownFileType = sourcecode.swift; path = "UIViewController+Extension.swift"; sourceTree = "<group>"; };
		FE9309EA2A1B8BEF00CB427A /* SignUpViewController.swift */ = {isa = PBXFileReference; lastKnownFileType = sourcecode.swift; path = SignUpViewController.swift; sourceTree = "<group>"; };
		FE9309EC2A1B8BF400CB427A /* SignUpViewModel.swift */ = {isa = PBXFileReference; lastKnownFileType = sourcecode.swift; path = SignUpViewModel.swift; sourceTree = "<group>"; };
		FE9309EE2A1B8ECA00CB427A /* SignUpUseCase.swift */ = {isa = PBXFileReference; lastKnownFileType = sourcecode.swift; path = SignUpUseCase.swift; sourceTree = "<group>"; };
		FE9309F02A1B8EDF00CB427A /* SignUpUseCaseImpl.swift */ = {isa = PBXFileReference; lastKnownFileType = sourcecode.swift; path = SignUpUseCaseImpl.swift; sourceTree = "<group>"; };
		FE9309F22A1B9EC400CB427A /* String+Extension.swift */ = {isa = PBXFileReference; lastKnownFileType = sourcecode.swift; path = "String+Extension.swift"; sourceTree = "<group>"; };
		FE9309F42A1BA6E100CB427A /* SignUpRepository.swift */ = {isa = PBXFileReference; lastKnownFileType = sourcecode.swift; path = SignUpRepository.swift; sourceTree = "<group>"; };
		FE9309F62A1BA6EB00CB427A /* SignUpRepositoryImpl.swift */ = {isa = PBXFileReference; lastKnownFileType = sourcecode.swift; path = SignUpRepositoryImpl.swift; sourceTree = "<group>"; };
		FEA383C02A17618300205C44 /* Info.plist */ = {isa = PBXFileReference; fileEncoding = 4; lastKnownFileType = text.plist.xml; path = Info.plist; sourceTree = "<group>"; };
		FEA383C12A17618300205C44 /* GoogleService-Info.plist */ = {isa = PBXFileReference; fileEncoding = 4; lastKnownFileType = text.plist.xml; path = "GoogleService-Info.plist"; sourceTree = "<group>"; };
		FEA383C62A17985400205C44 /* NetworkErrorType.swift */ = {isa = PBXFileReference; lastKnownFileType = sourcecode.swift; path = NetworkErrorType.swift; sourceTree = "<group>"; };
		FEA383CA2A179AD000205C44 /* FriendListViewModel.swift */ = {isa = PBXFileReference; lastKnownFileType = sourcecode.swift; path = FriendListViewModel.swift; sourceTree = "<group>"; };
		FEBC2AD72A17DA3500265452 /* User.swift */ = {isa = PBXFileReference; lastKnownFileType = sourcecode.swift; path = User.swift; sourceTree = "<group>"; };
		FEC52B5B2A278D2700B0E94E /* AddFriendPopUpViewModel.swift */ = {isa = PBXFileReference; lastKnownFileType = sourcecode.swift; path = AddFriendPopUpViewModel.swift; sourceTree = "<group>"; };
/* End PBXFileReference section */

/* Begin PBXFrameworksBuildPhase section */
		CEF3B14D2A1643A40011CAAB /* Frameworks */ = {
			isa = PBXFrameworksBuildPhase;
			buildActionMask = 2147483647;
			files = (
				FEA383BF2A175E4200205C44 /* FirebaseMessaging in Frameworks */,
				FEA383BD2A175E4200205C44 /* FirebaseDatabase in Frameworks */,
				FE6F63AC2A16844000BF3034 /* RxSwift in Frameworks */,
				FE6F63AA2A16844000BF3034 /* RxRelay in Frameworks */,
				FE6F63A82A16844000BF3034 /* RxCocoa in Frameworks */,
				FEA383BB2A175E4200205C44 /* FirebaseAuth in Frameworks */,
			);
			runOnlyForDeploymentPostprocessing = 0;
		};
/* End PBXFrameworksBuildPhase section */

/* Begin PBXGroup section */
		CEF3B1472A1643A40011CAAB = {
			isa = PBXGroup;
			children = (
				CEF3B1522A1643A40011CAAB /* Chatting */,
				CEF3B1512A1643A40011CAAB /* Products */,
			);
			sourceTree = "<group>";
		};
		CEF3B1512A1643A40011CAAB /* Products */ = {
			isa = PBXGroup;
			children = (
				CEF3B1502A1643A40011CAAB /* Chatting.app */,
			);
			name = Products;
			sourceTree = "<group>";
		};
		CEF3B1522A1643A40011CAAB /* Chatting */ = {
			isa = PBXGroup;
			children = (
				FE6F63912A166C2600BF3034 /* Common */,
				CEF3B16B2A1644620011CAAB /* Application */,
				CEF3B16A2A16445B0011CAAB /* Domain */,
				CEF3B1692A1644530011CAAB /* Presentation */,
				CEF3B1682A16443D0011CAAB /* Data */,
				CEF3B1672A1644340011CAAB /* Resources */,
			);
			path = Chatting;
			sourceTree = "<group>";
		};
		CEF3B1672A1644340011CAAB /* Resources */ = {
			isa = PBXGroup;
			children = (
				CEF3B15C2A1643A50011CAAB /* Assets.xcassets */,
				CEF3B15E2A1643A50011CAAB /* LaunchScreen.storyboard */,
				FEA383C12A17618300205C44 /* GoogleService-Info.plist */,
				FEA383C02A17618300205C44 /* Info.plist */,
				FE6F63962A16747400BF3034 /* Storyboard.storyboard */,
			);
			path = Resources;
			sourceTree = "<group>";
		};
		CEF3B1682A16443D0011CAAB /* Data */ = {
			isa = PBXGroup;
			children = (
				FE6FF9FE2A25DC8C00DBD335 /* PersistanceStorage */,
				CEF3B1772A1644AC0011CAAB /* DTO */,
				CEF3B1762A1644A30011CAAB /* Repositories */,
			);
			path = Data;
			sourceTree = "<group>";
		};
		CEF3B1692A1644530011CAAB /* Presentation */ = {
			isa = PBXGroup;
			children = (
				FE6FFA062A2730B500DBD335 /* Chatting */,
				FEA383C92A179ACB00205C44 /* SignUp */,
				FEA383C82A179ABE00205C44 /* FriendList */,
				FE6F638F2A166B8700BF3034 /* SignIn */,
			);
			path = Presentation;
			sourceTree = "<group>";
		};
		CEF3B16A2A16445B0011CAAB /* Domain */ = {
			isa = PBXGroup;
			children = (
				CEF3B16E2A1644850011CAAB /* Interfaces */,
				CEF3B16D2A16447E0011CAAB /* UseCasesImpl */,
				CEF3B16C2A1644790011CAAB /* Entities */,
			);
			path = Domain;
			sourceTree = "<group>";
		};
		CEF3B16B2A1644620011CAAB /* Application */ = {
			isa = PBXGroup;
			children = (
				CEF3B1532A1643A40011CAAB /* AppDelegate.swift */,
				CEF3B1552A1643A40011CAAB /* SceneDelegate.swift */,
			);
			path = Application;
			sourceTree = "<group>";
		};
		CEF3B16C2A1644790011CAAB /* Entities */ = {
			isa = PBXGroup;
			children = (
				FEBC2AD72A17DA3500265452 /* User.swift */,
			);
			path = Entities;
			sourceTree = "<group>";
		};
		CEF3B16D2A16447E0011CAAB /* UseCasesImpl */ = {
			isa = PBXGroup;
			children = (
				CEF3B1742A16449C0011CAAB /* SignInUseCaseImpl.swift */,
				FE9309F02A1B8EDF00CB427A /* SignUpUseCaseImpl.swift */,
			);
			path = UseCasesImpl;
			sourceTree = "<group>";
		};
		CEF3B16E2A1644850011CAAB /* Interfaces */ = {
			isa = PBXGroup;
			children = (
				CEF3B1702A1644900011CAAB /* Repositories */,
				CEF3B16F2A16448B0011CAAB /* UseCases */,
			);
			path = Interfaces;
			sourceTree = "<group>";
		};
		CEF3B16F2A16448B0011CAAB /* UseCases */ = {
			isa = PBXGroup;
			children = (
				CEF3B1732A16449A0011CAAB /* SignInUseCase.swift */,
				FE9309EE2A1B8ECA00CB427A /* SignUpUseCase.swift */,
			);
			path = UseCases;
			sourceTree = "<group>";
		};
		CEF3B1702A1644900011CAAB /* Repositories */ = {
			isa = PBXGroup;
			children = (
				CEF3B1712A1644980011CAAB /* SignInRepository.swift */,
				FE9309F42A1BA6E100CB427A /* SignUpRepository.swift */,
			);
			path = Repositories;
			sourceTree = "<group>";
		};
		CEF3B1762A1644A30011CAAB /* Repositories */ = {
			isa = PBXGroup;
			children = (
				CEF3B1792A1644BE0011CAAB /* SignInRepositoryImpl.swift */,
				FE9309F62A1BA6EB00CB427A /* SignUpRepositoryImpl.swift */,
			);
			path = Repositories;
			sourceTree = "<group>";
		};
		CEF3B1772A1644AC0011CAAB /* DTO */ = {
			isa = PBXGroup;
			children = (
				CEF3B1782A1644BC0011CAAB /* Dummy.swift */,
			);
			path = DTO;
			sourceTree = "<group>";
		};
		FE6F638F2A166B8700BF3034 /* SignIn */ = {
			isa = PBXGroup;
			children = (
				CEF3B1572A1643A40011CAAB /* SignInViewController.swift */,
				FE6F639B2A167E5900BF3034 /* SignInViewModel.swift */,
			);
			path = SignIn;
			sourceTree = "<group>";
		};
		FE6F63912A166C2600BF3034 /* Common */ = {
			isa = PBXGroup;
			children = (
				FEA383C52A17984100205C44 /* Utils */,
				FE6F63982A16786300BF3034 /* Extensions */,
				FE6F63922A166C4200BF3034 /* Customs */,
			);
			path = Common;
			sourceTree = "<group>";
		};
		FE6F63922A166C4200BF3034 /* Customs */ = {
			isa = PBXGroup;
			children = (
				FE6F63932A166C5000BF3034 /* CustomTextField.swift */,
			);
			path = Customs;
			sourceTree = "<group>";
		};
		FE6F63982A16786300BF3034 /* Extensions */ = {
			isa = PBXGroup;
			children = (
				FE6F63992A16786C00BF3034 /* UIColor+Extension.swift */,
				FE6F63AD2A16852800BF3034 /* RxViewController.swift */,
				FE71E50D2A192D8F003BCFF1 /* UIViewController+Extension.swift */,
				FE9309F22A1B9EC400CB427A /* String+Extension.swift */,
			);
			path = Extensions;
			sourceTree = "<group>";
		};
		FE6FF9FE2A25DC8C00DBD335 /* PersistanceStorage */ = {
			isa = PBXGroup;
			children = (
				FE6FF9FF2A25DC9E00DBD335 /* UserDefaultStorage.swift */,
			);
			path = PersistanceStorage;
			sourceTree = "<group>";
		};
		FE6FFA012A27306300DBD335 /* AddFriendPopUp */ = {
			isa = PBXGroup;
			children = (
				FE6FFA042A27307600DBD335 /* AddFriendPopUpViewController.swift */,
				FEC52B5B2A278D2700B0E94E /* AddFriendPopUpViewModel.swift */,
			);
			path = AddFriendPopUp;
			sourceTree = "<group>";
		};
		FE6FFA062A2730B500DBD335 /* Chatting */ = {
			isa = PBXGroup;
			children = (
				FE6FFA072A2730C700DBD335 /* ChattingViewController.swift */,
				FE6FFA092A2730CB00DBD335 /* ChattingViewModel.swift */,
			);
			path = Chatting;
			sourceTree = "<group>";
		};
		FEA383C52A17984100205C44 /* Utils */ = {
			isa = PBXGroup;
			children = (
				FEA383C62A17985400205C44 /* NetworkErrorType.swift */,
			);
			path = Utils;
			sourceTree = "<group>";
		};
		FEA383C82A179ABE00205C44 /* FriendList */ = {
			isa = PBXGroup;
			children = (
				FE6FFA012A27306300DBD335 /* AddFriendPopUp */,
				FEA383CA2A179AD000205C44 /* FriendListViewModel.swift */,
				FE4FE09D2A1C835400B373E0 /* FriendListViewController.swift */,
			);
			path = FriendList;
			sourceTree = "<group>";
		};
		FEA383C92A179ACB00205C44 /* SignUp */ = {
			isa = PBXGroup;
			children = (
				FE9309EA2A1B8BEF00CB427A /* SignUpViewController.swift */,
				FE9309EC2A1B8BF400CB427A /* SignUpViewModel.swift */,
			);
			path = SignUp;
			sourceTree = "<group>";
		};
/* End PBXGroup section */

/* Begin PBXNativeTarget section */
		CEF3B14F2A1643A40011CAAB /* Chatting */ = {
			isa = PBXNativeTarget;
			buildConfigurationList = CEF3B1642A1643A50011CAAB /* Build configuration list for PBXNativeTarget "Chatting" */;
			buildPhases = (
				CEF3B14C2A1643A40011CAAB /* Sources */,
				CEF3B14D2A1643A40011CAAB /* Frameworks */,
				CEF3B14E2A1643A40011CAAB /* Resources */,
			);
			buildRules = (
			);
			dependencies = (
			);
			name = Chatting;
			packageProductDependencies = (
				FE6F63A72A16844000BF3034 /* RxCocoa */,
				FE6F63A92A16844000BF3034 /* RxRelay */,
				FE6F63AB2A16844000BF3034 /* RxSwift */,
				FEA383BA2A175E4200205C44 /* FirebaseAuth */,
				FEA383BC2A175E4200205C44 /* FirebaseDatabase */,
				FEA383BE2A175E4200205C44 /* FirebaseMessaging */,
			);
			productName = Chatting;
			productReference = CEF3B1502A1643A40011CAAB /* Chatting.app */;
			productType = "com.apple.product-type.application";
		};
/* End PBXNativeTarget section */

/* Begin PBXProject section */
		CEF3B1482A1643A40011CAAB /* Project object */ = {
			isa = PBXProject;
			attributes = {
				BuildIndependentTargetsInParallel = 1;
				LastSwiftUpdateCheck = 1430;
				LastUpgradeCheck = 1430;
				TargetAttributes = {
					CEF3B14F2A1643A40011CAAB = {
						CreatedOnToolsVersion = 14.3;
					};
				};
			};
			buildConfigurationList = CEF3B14B2A1643A40011CAAB /* Build configuration list for PBXProject "Chatting" */;
			compatibilityVersion = "Xcode 14.0";
			developmentRegion = en;
			hasScannedForEncodings = 0;
			knownRegions = (
				en,
				Base,
			);
			mainGroup = CEF3B1472A1643A40011CAAB;
			packageReferences = (
				FE6F63A62A16844000BF3034 /* XCRemoteSwiftPackageReference "RxSwift" */,
				FEA383B92A175E4200205C44 /* XCRemoteSwiftPackageReference "firebase-ios-sdk" */,
			);
			productRefGroup = CEF3B1512A1643A40011CAAB /* Products */;
			projectDirPath = "";
			projectRoot = "";
			targets = (
				CEF3B14F2A1643A40011CAAB /* Chatting */,
			);
		};
/* End PBXProject section */

/* Begin PBXResourcesBuildPhase section */
		CEF3B14E2A1643A40011CAAB /* Resources */ = {
			isa = PBXResourcesBuildPhase;
			buildActionMask = 2147483647;
			files = (
				FEA383C42A17656200205C44 /* GoogleService-Info.plist in Resources */,
				CEF3B1602A1643A50011CAAB /* LaunchScreen.storyboard in Resources */,
				CEF3B15D2A1643A50011CAAB /* Assets.xcassets in Resources */,
				FE6F63972A16747400BF3034 /* Storyboard.storyboard in Resources */,
			);
			runOnlyForDeploymentPostprocessing = 0;
		};
/* End PBXResourcesBuildPhase section */

/* Begin PBXSourcesBuildPhase section */
		CEF3B14C2A1643A40011CAAB /* Sources */ = {
			isa = PBXSourcesBuildPhase;
			buildActionMask = 2147483647;
			files = (
				FEBC2ADA2A17DBC600265452 /* SignInUseCase.swift in Sources */,
				FEBC2AD92A17DBBD00265452 /* SignInRepositoryImpl.swift in Sources */,
				CEF3B1582A1643A40011CAAB /* SignInViewController.swift in Sources */,
				FE71E50E2A192D8F003BCFF1 /* UIViewController+Extension.swift in Sources */,
				FE6FFA0A2A2730CB00DBD335 /* ChattingViewModel.swift in Sources */,
				FE9309EF2A1B8ECA00CB427A /* SignUpUseCase.swift in Sources */,
				FE6F639C2A167E5900BF3034 /* SignInViewModel.swift in Sources */,
				FEA383CB2A179AD000205C44 /* FriendListViewModel.swift in Sources */,
				FEC52B5C2A278D2700B0E94E /* AddFriendPopUpViewModel.swift in Sources */,
				FEBC2ADB2A17DBC900265452 /* SignInUseCaseImpl.swift in Sources */,
				FE9309F32A1B9EC400CB427A /* String+Extension.swift in Sources */,
				FE6F63AE2A16852800BF3034 /* RxViewController.swift in Sources */,
				FE9309F52A1BA6E100CB427A /* SignUpRepository.swift in Sources */,
				FE6FFA052A27307600DBD335 /* AddFriendPopUpViewController.swift in Sources */,
				CEF3B1542A1643A40011CAAB /* AppDelegate.swift in Sources */,
				FE6FFA002A25DC9E00DBD335 /* UserDefaultStorage.swift in Sources */,
				FE4FE09E2A1C835400B373E0 /* FriendListViewController.swift in Sources */,
				FE9309ED2A1B8BF400CB427A /* SignUpViewModel.swift in Sources */,
				CEF3B1722A1644980011CAAB /* SignInRepository.swift in Sources */,
				FE9309EB2A1B8BEF00CB427A /* SignUpViewController.swift in Sources */,
				FE6F639A2A16786C00BF3034 /* UIColor+Extension.swift in Sources */,
				FEA383C72A17985400205C44 /* NetworkErrorType.swift in Sources */,
				FE9309F72A1BA6EB00CB427A /* SignUpRepositoryImpl.swift in Sources */,
				CEF3B1562A1643A40011CAAB /* SceneDelegate.swift in Sources */,
				FEBC2AD82A17DA3500265452 /* User.swift in Sources */,
				FE6FFA082A2730C700DBD335 /* ChattingViewController.swift in Sources */,
				FE6F63942A166C5000BF3034 /* CustomTextField.swift in Sources */,
				FE9309F12A1B8EDF00CB427A /* SignUpUseCaseImpl.swift in Sources */,
			);
			runOnlyForDeploymentPostprocessing = 0;
		};
/* End PBXSourcesBuildPhase section */

/* Begin PBXVariantGroup section */
		CEF3B15E2A1643A50011CAAB /* LaunchScreen.storyboard */ = {
			isa = PBXVariantGroup;
			children = (
				CEF3B15F2A1643A50011CAAB /* Base */,
			);
			name = LaunchScreen.storyboard;
			sourceTree = "<group>";
		};
/* End PBXVariantGroup section */

/* Begin XCBuildConfiguration section */
		CEF3B1622A1643A50011CAAB /* Debug */ = {
			isa = XCBuildConfiguration;
			buildSettings = {
				ALWAYS_SEARCH_USER_PATHS = NO;
				CLANG_ANALYZER_NONNULL = YES;
				CLANG_ANALYZER_NUMBER_OBJECT_CONVERSION = YES_AGGRESSIVE;
				CLANG_CXX_LANGUAGE_STANDARD = "gnu++20";
				CLANG_ENABLE_MODULES = YES;
				CLANG_ENABLE_OBJC_ARC = YES;
				CLANG_ENABLE_OBJC_WEAK = YES;
				CLANG_WARN_BLOCK_CAPTURE_AUTORELEASING = YES;
				CLANG_WARN_BOOL_CONVERSION = YES;
				CLANG_WARN_COMMA = YES;
				CLANG_WARN_CONSTANT_CONVERSION = YES;
				CLANG_WARN_DEPRECATED_OBJC_IMPLEMENTATIONS = YES;
				CLANG_WARN_DIRECT_OBJC_ISA_USAGE = YES_ERROR;
				CLANG_WARN_DOCUMENTATION_COMMENTS = YES;
				CLANG_WARN_EMPTY_BODY = YES;
				CLANG_WARN_ENUM_CONVERSION = YES;
				CLANG_WARN_INFINITE_RECURSION = YES;
				CLANG_WARN_INT_CONVERSION = YES;
				CLANG_WARN_NON_LITERAL_NULL_CONVERSION = YES;
				CLANG_WARN_OBJC_IMPLICIT_RETAIN_SELF = YES;
				CLANG_WARN_OBJC_LITERAL_CONVERSION = YES;
				CLANG_WARN_OBJC_ROOT_CLASS = YES_ERROR;
				CLANG_WARN_QUOTED_INCLUDE_IN_FRAMEWORK_HEADER = YES;
				CLANG_WARN_RANGE_LOOP_ANALYSIS = YES;
				CLANG_WARN_STRICT_PROTOTYPES = YES;
				CLANG_WARN_SUSPICIOUS_MOVE = YES;
				CLANG_WARN_UNGUARDED_AVAILABILITY = YES_AGGRESSIVE;
				CLANG_WARN_UNREACHABLE_CODE = YES;
				CLANG_WARN__DUPLICATE_METHOD_MATCH = YES;
				COPY_PHASE_STRIP = NO;
				DEBUG_INFORMATION_FORMAT = dwarf;
				ENABLE_STRICT_OBJC_MSGSEND = YES;
				ENABLE_TESTABILITY = YES;
				GCC_C_LANGUAGE_STANDARD = gnu11;
				GCC_DYNAMIC_NO_PIC = NO;
				GCC_NO_COMMON_BLOCKS = YES;
				GCC_OPTIMIZATION_LEVEL = 0;
				GCC_PREPROCESSOR_DEFINITIONS = (
					"DEBUG=1",
					"$(inherited)",
				);
				GCC_WARN_64_TO_32_BIT_CONVERSION = YES;
				GCC_WARN_ABOUT_RETURN_TYPE = YES_ERROR;
				GCC_WARN_UNDECLARED_SELECTOR = YES;
				GCC_WARN_UNINITIALIZED_AUTOS = YES_AGGRESSIVE;
				GCC_WARN_UNUSED_FUNCTION = YES;
				GCC_WARN_UNUSED_VARIABLE = YES;
				IPHONEOS_DEPLOYMENT_TARGET = 16.4;
				MTL_ENABLE_DEBUG_INFO = INCLUDE_SOURCE;
				MTL_FAST_MATH = YES;
				ONLY_ACTIVE_ARCH = YES;
				SDKROOT = iphoneos;
				SWIFT_ACTIVE_COMPILATION_CONDITIONS = DEBUG;
				SWIFT_OPTIMIZATION_LEVEL = "-Onone";
			};
			name = Debug;
		};
		CEF3B1632A1643A50011CAAB /* Release */ = {
			isa = XCBuildConfiguration;
			buildSettings = {
				ALWAYS_SEARCH_USER_PATHS = NO;
				CLANG_ANALYZER_NONNULL = YES;
				CLANG_ANALYZER_NUMBER_OBJECT_CONVERSION = YES_AGGRESSIVE;
				CLANG_CXX_LANGUAGE_STANDARD = "gnu++20";
				CLANG_ENABLE_MODULES = YES;
				CLANG_ENABLE_OBJC_ARC = YES;
				CLANG_ENABLE_OBJC_WEAK = YES;
				CLANG_WARN_BLOCK_CAPTURE_AUTORELEASING = YES;
				CLANG_WARN_BOOL_CONVERSION = YES;
				CLANG_WARN_COMMA = YES;
				CLANG_WARN_CONSTANT_CONVERSION = YES;
				CLANG_WARN_DEPRECATED_OBJC_IMPLEMENTATIONS = YES;
				CLANG_WARN_DIRECT_OBJC_ISA_USAGE = YES_ERROR;
				CLANG_WARN_DOCUMENTATION_COMMENTS = YES;
				CLANG_WARN_EMPTY_BODY = YES;
				CLANG_WARN_ENUM_CONVERSION = YES;
				CLANG_WARN_INFINITE_RECURSION = YES;
				CLANG_WARN_INT_CONVERSION = YES;
				CLANG_WARN_NON_LITERAL_NULL_CONVERSION = YES;
				CLANG_WARN_OBJC_IMPLICIT_RETAIN_SELF = YES;
				CLANG_WARN_OBJC_LITERAL_CONVERSION = YES;
				CLANG_WARN_OBJC_ROOT_CLASS = YES_ERROR;
				CLANG_WARN_QUOTED_INCLUDE_IN_FRAMEWORK_HEADER = YES;
				CLANG_WARN_RANGE_LOOP_ANALYSIS = YES;
				CLANG_WARN_STRICT_PROTOTYPES = YES;
				CLANG_WARN_SUSPICIOUS_MOVE = YES;
				CLANG_WARN_UNGUARDED_AVAILABILITY = YES_AGGRESSIVE;
				CLANG_WARN_UNREACHABLE_CODE = YES;
				CLANG_WARN__DUPLICATE_METHOD_MATCH = YES;
				COPY_PHASE_STRIP = NO;
				DEBUG_INFORMATION_FORMAT = "dwarf-with-dsym";
				ENABLE_NS_ASSERTIONS = NO;
				ENABLE_STRICT_OBJC_MSGSEND = YES;
				GCC_C_LANGUAGE_STANDARD = gnu11;
				GCC_NO_COMMON_BLOCKS = YES;
				GCC_WARN_64_TO_32_BIT_CONVERSION = YES;
				GCC_WARN_ABOUT_RETURN_TYPE = YES_ERROR;
				GCC_WARN_UNDECLARED_SELECTOR = YES;
				GCC_WARN_UNINITIALIZED_AUTOS = YES_AGGRESSIVE;
				GCC_WARN_UNUSED_FUNCTION = YES;
				GCC_WARN_UNUSED_VARIABLE = YES;
				IPHONEOS_DEPLOYMENT_TARGET = 16.4;
				MTL_ENABLE_DEBUG_INFO = NO;
				MTL_FAST_MATH = YES;
				SDKROOT = iphoneos;
				SWIFT_COMPILATION_MODE = wholemodule;
				SWIFT_OPTIMIZATION_LEVEL = "-O";
				VALIDATE_PRODUCT = YES;
			};
			name = Release;
		};
		CEF3B1652A1643A50011CAAB /* Debug */ = {
			isa = XCBuildConfiguration;
			buildSettings = {
				ASSETCATALOG_COMPILER_APPICON_NAME = AppIcon;
				ASSETCATALOG_COMPILER_GLOBAL_ACCENT_COLOR_NAME = AccentColor;
				CODE_SIGN_STYLE = Automatic;
				CURRENT_PROJECT_VERSION = 1;
				GENERATE_INFOPLIST_FILE = YES;
				INFOPLIST_FILE = Chatting/Resources/Info.plist;
				INFOPLIST_KEY_UIApplicationSupportsIndirectInputEvents = YES;
				INFOPLIST_KEY_UILaunchStoryboardName = LaunchScreen;
				INFOPLIST_KEY_UISupportedInterfaceOrientations_iPad = "UIInterfaceOrientationPortrait UIInterfaceOrientationPortraitUpsideDown UIInterfaceOrientationLandscapeLeft UIInterfaceOrientationLandscapeRight";
				INFOPLIST_KEY_UISupportedInterfaceOrientations_iPhone = "UIInterfaceOrientationPortrait UIInterfaceOrientationLandscapeLeft UIInterfaceOrientationLandscapeRight";
				LD_RUNPATH_SEARCH_PATHS = (
					"$(inherited)",
					"@executable_path/Frameworks",
				);
				MARKETING_VERSION = 1.0;
				PRODUCT_BUNDLE_IDENTIFIER = com.Chatting;
				PRODUCT_NAME = "$(TARGET_NAME)";
				SWIFT_EMIT_LOC_STRINGS = YES;
				SWIFT_VERSION = 5.0;
				TARGETED_DEVICE_FAMILY = "1,2";
			};
			name = Debug;
		};
		CEF3B1662A1643A50011CAAB /* Release */ = {
			isa = XCBuildConfiguration;
			buildSettings = {
				ASSETCATALOG_COMPILER_APPICON_NAME = AppIcon;
				ASSETCATALOG_COMPILER_GLOBAL_ACCENT_COLOR_NAME = AccentColor;
				CODE_SIGN_STYLE = Automatic;
				CURRENT_PROJECT_VERSION = 1;
				GENERATE_INFOPLIST_FILE = YES;
				INFOPLIST_FILE = Chatting/Resources/Info.plist;
				INFOPLIST_KEY_UIApplicationSupportsIndirectInputEvents = YES;
				INFOPLIST_KEY_UILaunchStoryboardName = LaunchScreen;
				INFOPLIST_KEY_UISupportedInterfaceOrientations_iPad = "UIInterfaceOrientationPortrait UIInterfaceOrientationPortraitUpsideDown UIInterfaceOrientationLandscapeLeft UIInterfaceOrientationLandscapeRight";
				INFOPLIST_KEY_UISupportedInterfaceOrientations_iPhone = "UIInterfaceOrientationPortrait UIInterfaceOrientationLandscapeLeft UIInterfaceOrientationLandscapeRight";
				LD_RUNPATH_SEARCH_PATHS = (
					"$(inherited)",
					"@executable_path/Frameworks",
				);
				MARKETING_VERSION = 1.0;
				PRODUCT_BUNDLE_IDENTIFIER = com.Chatting;
				PRODUCT_NAME = "$(TARGET_NAME)";
				SWIFT_EMIT_LOC_STRINGS = YES;
				SWIFT_VERSION = 5.0;
				TARGETED_DEVICE_FAMILY = "1,2";
			};
			name = Release;
		};
/* End XCBuildConfiguration section */

/* Begin XCConfigurationList section */
		CEF3B14B2A1643A40011CAAB /* Build configuration list for PBXProject "Chatting" */ = {
			isa = XCConfigurationList;
			buildConfigurations = (
				CEF3B1622A1643A50011CAAB /* Debug */,
				CEF3B1632A1643A50011CAAB /* Release */,
			);
			defaultConfigurationIsVisible = 0;
			defaultConfigurationName = Release;
		};
		CEF3B1642A1643A50011CAAB /* Build configuration list for PBXNativeTarget "Chatting" */ = {
			isa = XCConfigurationList;
			buildConfigurations = (
				CEF3B1652A1643A50011CAAB /* Debug */,
				CEF3B1662A1643A50011CAAB /* Release */,
			);
			defaultConfigurationIsVisible = 0;
			defaultConfigurationName = Release;
		};
/* End XCConfigurationList section */

/* Begin XCRemoteSwiftPackageReference section */
		FE6F63A62A16844000BF3034 /* XCRemoteSwiftPackageReference "RxSwift" */ = {
			isa = XCRemoteSwiftPackageReference;
			repositoryURL = "https://github.com/ReactiveX/RxSwift.git";
			requirement = {
				kind = upToNextMajorVersion;
				minimumVersion = 6.0.0;
			};
		};
		FEA383B92A175E4200205C44 /* XCRemoteSwiftPackageReference "firebase-ios-sdk" */ = {
			isa = XCRemoteSwiftPackageReference;
			repositoryURL = "https://github.com/firebase/firebase-ios-sdk";
			requirement = {
				kind = upToNextMajorVersion;
				minimumVersion = 10.0.0;
			};
		};
/* End XCRemoteSwiftPackageReference section */

/* Begin XCSwiftPackageProductDependency section */
		FE6F63A72A16844000BF3034 /* RxCocoa */ = {
			isa = XCSwiftPackageProductDependency;
			package = FE6F63A62A16844000BF3034 /* XCRemoteSwiftPackageReference "RxSwift" */;
			productName = RxCocoa;
		};
		FE6F63A92A16844000BF3034 /* RxRelay */ = {
			isa = XCSwiftPackageProductDependency;
			package = FE6F63A62A16844000BF3034 /* XCRemoteSwiftPackageReference "RxSwift" */;
			productName = RxRelay;
		};
		FE6F63AB2A16844000BF3034 /* RxSwift */ = {
			isa = XCSwiftPackageProductDependency;
			package = FE6F63A62A16844000BF3034 /* XCRemoteSwiftPackageReference "RxSwift" */;
			productName = RxSwift;
		};
		FEA383BA2A175E4200205C44 /* FirebaseAuth */ = {
			isa = XCSwiftPackageProductDependency;
			package = FEA383B92A175E4200205C44 /* XCRemoteSwiftPackageReference "firebase-ios-sdk" */;
			productName = FirebaseAuth;
		};
		FEA383BC2A175E4200205C44 /* FirebaseDatabase */ = {
			isa = XCSwiftPackageProductDependency;
			package = FEA383B92A175E4200205C44 /* XCRemoteSwiftPackageReference "firebase-ios-sdk" */;
			productName = FirebaseDatabase;
		};
		FEA383BE2A175E4200205C44 /* FirebaseMessaging */ = {
			isa = XCSwiftPackageProductDependency;
			package = FEA383B92A175E4200205C44 /* XCRemoteSwiftPackageReference "firebase-ios-sdk" */;
			productName = FirebaseMessaging;
		};
/* End XCSwiftPackageProductDependency section */
	};
	rootObject = CEF3B1482A1643A40011CAAB /* Project object */;
}
